<?xml version="1.0" encoding="UTF-8"?>
<CONFIG>
  <ProjectOptions>
    <Version Value="12"/>
    <PathDelim Value="\"/>
    <General>
      <Flags>
        <MainUnitHasCreateFormStatements Value="False"/>
        <MainUnitHasTitleStatement Value="False"/>
        <MainUnitHasScaledStatement Value="False"/>
      </Flags>
      <SessionStorage Value="InProjectDir"/>
      <Title Value="ACBRWebService"/>
      <UseAppBundle Value="False"/>
      <ResourceType Value="res"/>
    </General>
    <i18n>
      <EnableI18N Value="True" LFM="False"/>
      <OutDir Value="i18n"/>
    </i18n>
    <VersionInfo>
      <UseVersionInfo Value="True"/>
      <AutoIncrementBuild Value="True"/>
      <BuildNr Value="4"/>
      <Language Value="0416"/>
      <Attributes pvaDebug="True"/>
    </VersionInfo>
    <BuildModes>
      <Item Name="Default" Default="True"/>
    </BuildModes>
    <PublishOptions>
      <Version Value="2"/>
      <UseFileFilters Value="True"/>
    </PublishOptions>
    <RunParams>
      <FormatVersion Value="2"/>
    </RunParams>
    <RequiredPackages>
      <Item>
        <PackageName Value="ACBr_MDFe_DAMDFeRL"/>
      </Item>
      <Item>
        <PackageName Value="ACBr_MDFe"/>
      </Item>
      <Item>
        <PackageName Value="ACBr_CTe_DACTeRL"/>
      </Item>
      <Item>
        <PackageName Value="ACBr_CTe"/>
      </Item>
      <Item>
        <PackageName Value="ACBr_NFe_DanfeRL"/>
      </Item>
      <Item>
        <PackageName Value="ACBr_NFe_Danfe_LazReport"/>
      </Item>
      <Item>
        <PackageName Value="frce"/>
      </Item>
      <Item>
        <PackageName Value="LCLBase"/>
      </Item>
      <Item>
        <PackageName Value="ACBr_NFe"/>
      </Item>
      <Item>
        <PackageName Value="LCL"/>
      </Item>
    </RequiredPackages>
    <Units>
      <Unit>
        <Filename Value="ACBRWebService.lpr"/>
        <IsPartOfProject Value="True"/>
      </Unit>
      <Unit>
        <Filename Value="routes\route.acbr.nfe.pas"/>
        <IsPartOfProject Value="True"/>
      </Unit>
      <Unit>
        <Filename Value="routes\route.pas"/>
        <IsPartOfProject Value="True"/>
      </Unit>
      <Unit>
        <Filename Value="method\method.acbr.nfe.pas"/>
        <IsPartOfProject Value="True"/>
      </Unit>
      <Unit>
        <Filename Value="tools\jsonconvert.pas"/>
        <IsPartOfProject Value="True"/>
      </Unit>
      <Unit>
        <Filename Value="method\method.acbr.diversos.extenso.pas"/>
        <IsPartOfProject Value="True"/>
      </Unit>
      <Unit>
        <Filename Value="routes\route.acbr.diversos.extenso.pas"/>
        <IsPartOfProject Value="True"/>
      </Unit>
      <Unit>
        <Filename Value="routes\route.acbr.diversos.validador.pas"/>
        <IsPartOfProject Value="True"/>
      </Unit>
      <Unit>
        <Filename Value="method\method.acbr.diversos.validador.pas"/>
        <IsPartOfProject Value="True"/>
      </Unit>
      <Unit>
        <Filename Value="..\acbr\Fontes\ACBrDFe\ACBrNFe\DANFE\NFe\LazReport\ACBrNFeDANFeLazReport.pas"/>
        <IsPartOfProject Value="True"/>
      </Unit>
      <Unit>
        <Filename Value="tools\streamtools.pas"/>
        <IsPartOfProject Value="True"/>
      </Unit>
      <Unit>
        <Filename Value="method\method.acbr.cte.pas"/>
        <IsPartOfProject Value="True"/>
      </Unit>
      <Unit>
        <Filename Value="routes\router.acbr.cte.pas"/>
        <IsPartOfProject Value="True"/>
      </Unit>
      <Unit>
        <Filename Value="method\method.acbr.mdfe.pas"/>
        <IsPartOfProject Value="True"/>
      </Unit>
      <Unit>
        <Filename Value="routes\route.acbr.mdfe.pas"/>
        <IsPartOfProject Value="True"/>
      </Unit>
      <Unit>
        <Filename Value="resources\resource.strings.global.pas"/>
        <IsPartOfProject Value="True"/>
      </Unit>
      <Unit>
        <Filename Value="resources\resource.strings.msg.pas"/>
        <IsPartOfProject Value="True"/>
      </Unit>
      <Unit>
        <Filename Value="resources\resource.strings.routes.pas"/>
        <IsPartOfProject Value="True"/>
      </Unit>
      <Unit>
        <Filename Value="..\gbswagger\Source\Core\gbswagger.lazarus.pas"/>
        <IsPartOfProject Value="True"/>
        <UnitName Value="GBSwagger.Lazarus"/>
      </Unit>
    </Units>
  </ProjectOptions>
  <CompilerOptions>
    <Version Value="11"/>
    <PathDelim Value="\"/>
    <Target>
      <Filename Value="..\bin\ACBRWebService"/>
    </Target>
    <SearchPaths>
      <IncludeFiles Value="$(ProjOutDir)"/>
      <OtherUnitFiles Value="..\horse-master\src;routes;method;..\handle-exception\src;tools;..\acbr\Fontes\ACBrDFe\ACBrNFe\DANFE\NFe\LazReport;..\acbr\Fontes\ACBrDFe\ACBrCTe\DACTE\Fortes;..\jhonson\src;..\acbr\Fontes\Terceiros\synalist;..\acbr\Fontes\ACBrDFe\ACBrCTe;..\acbr\Fontes\ACBrDFe\ACBrMDFe;..\acbr\Fontes\ACBrDFe\ACBrMDFe\DAMDFE\Fortes;..\acbr\Fontes\ACBrDFe\ACBrMDFe\PCNMDFe;..\acbr\Fontes\ACBrDFe\ACBrMDFe\Base;resources"/>
      <UnitOutputDirectory Value="lib\$(TargetCPU)-$(TargetOS)"/>
    </SearchPaths>
    <CodeGeneration>
      <Optimizations>
        <OptimizationLevel Value="0"/>
      </Optimizations>
    </CodeGeneration>
    <Linking>
      <Debugging>
        <DebugInfoType Value="dsDwarf2Set"/>
        <UseLineInfoUnit Value="False"/>
        <UseHeaptrc Value="True"/>
      </Debugging>
    </Linking>
  </CompilerOptions>
  <Debugging>
    <Exceptions>
      <Item>
        <Name Value="EAbort"/>
      </Item>
      <Item>
        <Name Value="ECodetoolError"/>
      </Item>
      <Item>
        <Name Value="EFOpenError"/>
      </Item>
    </Exceptions>
  </Debugging>
</CONFIG>
